
Microsoft Visual Studio Solution File, Format Version 10.00
# Visual C++ Express 2008
Project("{8BC9CEB8-8B4A-11D0-8D11-00A0C91BC942}") = "ffse", "ffse.vcproj", "{CDE006B4-53B5-4F71-9DAB-E8024D0A88ED}"
EndProject
Global
	GlobalSection(SolutionConfigurationPlatforms) = preSolution
		DLL Unicode Debug|Win32 = DLL Unicode Debug|Win32
		DLL Unicode Release|Win32 = DLL Unicode Release|Win32
		Unicode Debug|Win32 = Unicode Debug|Win32
		Unicode Release|Win32 = Unicode Release|Win32
	EndGlobalSection
	GlobalSection(ProjectConfigurationPlatforms) = postSolution
		{CDE006B4-53B5-4F71-9DAB-E8024D0A88ED}.DLL Unicode Debug|Win32.ActiveCfg = DLL Unicode Debug|Win32
		{CDE006B4-53B5-4F71-9DAB-E8024D0A88ED}.DLL Unicode Debug|Win32.Build.0 = DLL Unicode Debug|Win32
		{CDE006B4-53B5-4F71-9DAB-E8024D0A88ED}.DLL Unicode Release|Win32.ActiveCfg = DLL Unicode Release|Win32
		{CDE006B4-53B5-4F71-9DAB-E8024D0A88ED}.DLL Unicode Release|Win32.Build.0 = DLL Unicode Release|Win32
		{CDE006B4-53B5-4F71-9DAB-E8024D0A88ED}.Unicode Debug|Win32.ActiveCfg = Unicode Debug|Win32
		{CDE006B4-53B5-4F71-9DAB-E8024D0A88ED}.Unicode Debug|Win32.Build.0 = Unicode Debug|Win32
		{CDE006B4-53B5-4F71-9DAB-E8024D0A88ED}.Unicode Release|Win32.ActiveCfg = Unicode Release|Win32
		{CDE006B4-53B5-4F71-9DAB-E8024D0A88ED}.Unicode Release|Win32.Build.0 = Unicode Release|Win32
	EndGlobalSection
	GlobalSection(SolutionProperties) = preSolution
		HideSolutionNode = FALSE
	EndGlobalSection
EndGlobal
